Microsoft Visual Studio Solution File, Format Version 12.00
# Visual Studio Version 17
VisualStudioVersion = 17.5.2.0
MinimumVisualStudioVersion = 10.0.40219.1
Project("{FAE04EC0-301F-11D3-BF4B-00C04F79EFBC}") = "commissioning_studio", "commissioning_studio.csproj", "{4FA13C7E-03C2-AD5B-CF7E-1F7A95276A9A}"
EndProject
Global
	GlobalSection(SolutionConfigurationPlatforms) = preSolution
		Debug|Any CPU = Debug|Any CPU
		Release|Any CPU = Release|Any CPU
	EndGlobalSection
	GlobalSection(ProjectConfigurationPlatforms) = postSolution
		{4FA13C7E-03C2-AD5B-CF7E-1F7A95276A9A}.Debug|Any CPU.ActiveCfg = Debug|Any CPU
		{4FA13C7E-03C2-AD5B-CF7E-1F7A95276A9A}.Debug|Any CPU.Build.0 = Debug|Any CPU
		{4FA13C7E-03C2-AD5B-CF7E-1F7A95276A9A}.Release|Any CPU.ActiveCfg = Release|Any CPU
		{4FA13C7E-03C2-AD5B-CF7E-1F7A95276A9A}.Release|Any CPU.Build.0 = Release|Any CPU
	EndGlobalSection
	GlobalSection(SolutionProperties) = preSolution
		HideSolutionNode = FALSE
	EndGlobalSection
	GlobalSection(ExtensibilityGlobals) = postSolution
		SolutionGuid = {1CA5D86C-2164-42C5-899E-720E520C6941}
	EndGlobalSection
EndGlobal
